
Microsoft Visual Studio Solution File, Format Version 12.00
Project("{FAE04EC0-301F-11D3-BF4B-00C04F79EFBC}") = "Creational.Singleton", "Creational.Singleton\Creational.Singleton.csproj", "{E6C1149F-C547-47DE-A401-0B7BD1DDE01C}"
EndProject
Project("{FAE04EC0-301F-11D3-BF4B-00C04F79EFBC}") = "Creational.Prototype", "Creational.Prototype\Creational.Prototype.csproj", "{2DE91C34-8800-4F65-BA3A-7E340FCF619C}"
EndProject
Project("{FAE04EC0-301F-11D3-BF4B-00C04F79EFBC}") = "Creational.FactoryMethod", "Creational.FactoryMethod\Creational.FactoryMethod.csproj", "{754E3FAA-879E-479A-A9C3-BF795747A273}"
EndProject
Project("{FAE04EC0-301F-11D3-BF4B-00C04F79EFBC}") = "Creational.Builder", "Creational.Builder\Creational.Builder.csproj", "{6D7F655E-8430-4278-A7F5-10638FD03DF6}"
EndProject
Project("{FAE04EC0-301F-11D3-BF4B-00C04F79EFBC}") = "Creational.AbstractFactory", "Creational.AbstractFactory\Creational.AbstractFactory.csproj", "{F783B839-9D66-4465-BE07-70677184385D}"
EndProject
Project("{FAE04EC0-301F-11D3-BF4B-00C04F79EFBC}") = "Structural.Proxy", "Structural.Proxy\Structural.Proxy.csproj", "{F9049DDD-C3FC-4E7B-8730-31AAB400C5F5}"
EndProject
Project("{FAE04EC0-301F-11D3-BF4B-00C04F79EFBC}") = "Structural.Flyweight", "Structural.Flyweight\Structural.Flyweight.csproj", "{50A40C1E-54B8-402D-8AC2-BA4F71C3C3C8}"
EndProject
Project("{FAE04EC0-301F-11D3-BF4B-00C04F79EFBC}") = "Structural.Facade", "Structural.Facade\Structural.Facade.csproj", "{A05323F5-F7C0-4837-A638-8DB1574454D0}"
EndProject
Project("{FAE04EC0-301F-11D3-BF4B-00C04F79EFBC}") = "Structural.Decorator", "Structural.Decorator\Structural.Decorator.csproj", "{505974D9-297A-41EA-8122-04680B713F5F}"
EndProject
Global
	GlobalSection(SolutionConfigurationPlatforms) = preSolution
		Debug|Any CPU = Debug|Any CPU
		Release|Any CPU = Release|Any CPU
	EndGlobalSection
	GlobalSection(ProjectConfigurationPlatforms) = postSolution
		{E6C1149F-C547-47DE-A401-0B7BD1DDE01C}.Debug|Any CPU.ActiveCfg = Debug|Any CPU
		{E6C1149F-C547-47DE-A401-0B7BD1DDE01C}.Debug|Any CPU.Build.0 = Debug|Any CPU
		{E6C1149F-C547-47DE-A401-0B7BD1DDE01C}.Release|Any CPU.ActiveCfg = Release|Any CPU
		{E6C1149F-C547-47DE-A401-0B7BD1DDE01C}.Release|Any CPU.Build.0 = Release|Any CPU
		{2DE91C34-8800-4F65-BA3A-7E340FCF619C}.Debug|Any CPU.ActiveCfg = Debug|Any CPU
		{2DE91C34-8800-4F65-BA3A-7E340FCF619C}.Debug|Any CPU.Build.0 = Debug|Any CPU
		{2DE91C34-8800-4F65-BA3A-7E340FCF619C}.Release|Any CPU.ActiveCfg = Release|Any CPU
		{2DE91C34-8800-4F65-BA3A-7E340FCF619C}.Release|Any CPU.Build.0 = Release|Any CPU
		{754E3FAA-879E-479A-A9C3-BF795747A273}.Debug|Any CPU.ActiveCfg = Debug|Any CPU
		{754E3FAA-879E-479A-A9C3-BF795747A273}.Debug|Any CPU.Build.0 = Debug|Any CPU
		{754E3FAA-879E-479A-A9C3-BF795747A273}.Release|Any CPU.ActiveCfg = Release|Any CPU
		{754E3FAA-879E-479A-A9C3-BF795747A273}.Release|Any CPU.Build.0 = Release|Any CPU
		{6D7F655E-8430-4278-A7F5-10638FD03DF6}.Debug|Any CPU.ActiveCfg = Debug|Any CPU
		{6D7F655E-8430-4278-A7F5-10638FD03DF6}.Debug|Any CPU.Build.0 = Debug|Any CPU
		{6D7F655E-8430-4278-A7F5-10638FD03DF6}.Release|Any CPU.ActiveCfg = Release|Any CPU
		{6D7F655E-8430-4278-A7F5-10638FD03DF6}.Release|Any CPU.Build.0 = Release|Any CPU
		{F783B839-9D66-4465-BE07-70677184385D}.Debug|Any CPU.ActiveCfg = Debug|Any CPU
		{F783B839-9D66-4465-BE07-70677184385D}.Debug|Any CPU.Build.0 = Debug|Any CPU
		{F783B839-9D66-4465-BE07-70677184385D}.Release|Any CPU.ActiveCfg = Release|Any CPU
		{F783B839-9D66-4465-BE07-70677184385D}.Release|Any CPU.Build.0 = Release|Any CPU
		{F9049DDD-C3FC-4E7B-8730-31AAB400C5F5}.Debug|Any CPU.ActiveCfg = Debug|Any CPU
		{F9049DDD-C3FC-4E7B-8730-31AAB400C5F5}.Debug|Any CPU.Build.0 = Debug|Any CPU
		{F9049DDD-C3FC-4E7B-8730-31AAB400C5F5}.Release|Any CPU.ActiveCfg = Release|Any CPU
		{F9049DDD-C3FC-4E7B-8730-31AAB400C5F5}.Release|Any CPU.Build.0 = Release|Any CPU
		{50A40C1E-54B8-402D-8AC2-BA4F71C3C3C8}.Debug|Any CPU.ActiveCfg = Debug|Any CPU
		{50A40C1E-54B8-402D-8AC2-BA4F71C3C3C8}.Debug|Any CPU.Build.0 = Debug|Any CPU
		{50A40C1E-54B8-402D-8AC2-BA4F71C3C3C8}.Release|Any CPU.ActiveCfg = Release|Any CPU
		{50A40C1E-54B8-402D-8AC2-BA4F71C3C3C8}.Release|Any CPU.Build.0 = Release|Any CPU
		{A05323F5-F7C0-4837-A638-8DB1574454D0}.Debug|Any CPU.ActiveCfg = Debug|Any CPU
		{A05323F5-F7C0-4837-A638-8DB1574454D0}.Debug|Any CPU.Build.0 = Debug|Any CPU
		{A05323F5-F7C0-4837-A638-8DB1574454D0}.Release|Any CPU.ActiveCfg = Release|Any CPU
		{A05323F5-F7C0-4837-A638-8DB1574454D0}.Release|Any CPU.Build.0 = Release|Any CPU
		{505974D9-297A-41EA-8122-04680B713F5F}.Debug|Any CPU.ActiveCfg = Debug|Any CPU
		{505974D9-297A-41EA-8122-04680B713F5F}.Debug|Any CPU.Build.0 = Debug|Any CPU
		{505974D9-297A-41EA-8122-04680B713F5F}.Release|Any CPU.ActiveCfg = Release|Any CPU
		{505974D9-297A-41EA-8122-04680B713F5F}.Release|Any CPU.Build.0 = Release|Any CPU
	EndGlobalSection
EndGlobal
